
Microsoft Visual Studio Solution File, Format Version 12.00
# Visual Studio 15
VisualStudioVersion = 15.0.27428.2027
MinimumVisualStudioVersion = 10.0.40219.1
Project("{9A19103F-16F7-4668-BE54-9A1E7A4F7556}") = "ISCrew", "ISCrew\ISCrew.csproj", "{F65B69FA-F24C-4A7B-834F-270E3D880445}"
EndProject
Global
	GlobalSection(SolutionConfigurationPlatforms) = preSolution
		Debug|Any CPU = Debug|Any CPU
		Release|Any CPU = Release|Any CPU
	EndGlobalSection
	GlobalSection(ProjectConfigurationPlatforms) = postSolution
		{F65B69FA-F24C-4A7B-834F-270E3D880445}.Debug|Any CPU.ActiveCfg = Debug|Any CPU
		{F65B69FA-F24C-4A7B-834F-270E3D880445}.Debug|Any CPU.Build.0 = Debug|Any CPU
		{F65B69FA-F24C-4A7B-834F-270E3D880445}.Release|Any CPU.ActiveCfg = Release|Any CPU
		{F65B69FA-F24C-4A7B-834F-270E3D880445}.Release|Any CPU.Build.0 = Release|Any CPU
	EndGlobalSection
	GlobalSection(SolutionProperties) = preSolution
		HideSolutionNode = FALSE
	EndGlobalSection
	GlobalSection(ExtensibilityGlobals) = postSolution
		SolutionGuid = {D314C6EA-7E95-462B-8975-8D16DC8C50DF}
	EndGlobalSection
EndGlobal
